
Microsoft Visual Studio Solution File, Format Version 12.00
# Visual Studio 15
VisualStudioVersion = 15.0.28307.645
MinimumVisualStudioVersion = 10.0.40219.1
Project("{8BC9CEB8-8B4A-11D0-8D11-00A0C91BC942}") = "HelloWorld", "HelloWorld\HelloWorld.vcxproj", "{C2F65E9E-24B7-433D-B6F6-914CA24CFCC0}"
EndProject
Project("{8BC9CEB8-8B4A-11D0-8D11-00A0C91BC942}") = "TypeLimits", "TypeLimits\TypeLimits.vcxproj", "{E5E9E56B-CBF6-447A-815B-46ECB47C16FE}"
EndProject
Project("{8BC9CEB8-8B4A-11D0-8D11-00A0C91BC942}") = "FarToCel", "FarToCel\FarToCel.vcxproj", "{9B9222A1-77D1-438B-9841-5D43CD8016EC}"
EndProject
Project("{8BC9CEB8-8B4A-11D0-8D11-00A0C91BC942}") = "FunctionsDemo", "FunctionsDemo\FunctionsDemo.vcxproj", "{5F0A8E40-3513-468E-BA58-659CBB651E2C}"
EndProject
Project("{8BC9CEB8-8B4A-11D0-8D11-00A0C91BC942}") = "Overloading", "Overloading\Overloading.vcxproj", "{64E65F8C-DAB2-4E9F-BFEE-43311656D81C}"
EndProject
Project("{8BC9CEB8-8B4A-11D0-8D11-00A0C91BC942}") = "VectorsDemo", "VectorsDemo\VectorsDemo.vcxproj", "{F278B005-E9FA-4423-906B-E55EC413B604}"
EndProject
Project("{8BC9CEB8-8B4A-11D0-8D11-00A0C91BC942}") = "SortDemo", "SortDemoi\SortDemoi.vcxproj", "{DD6966AA-EE62-4579-B5DB-AB16DCE40932}"
EndProject
Project("{8BC9CEB8-8B4A-11D0-8D11-00A0C91BC942}") = "ClassesDemo", "ClassesDemo\ClassesDemo.vcxproj", "{306BFD3A-D53B-4B1B-9229-60D7489B92E5}"
EndProject
Project("{8BC9CEB8-8B4A-11D0-8D11-00A0C91BC942}") = "CodeOrganization", "CodeOrganization\CodeOrganization.vcxproj", "{5A51EFAF-2534-434B-A093-75513A93898C}"
EndProject
Project("{8BC9CEB8-8B4A-11D0-8D11-00A0C91BC942}") = "MoreCodeOrganization", "MoreCodeOrganization\MoreCodeOrganization.vcxproj", "{3717E565-03DF-4272-A8C9-BAA74F6B2EB4}"
EndProject
Project("{8BC9CEB8-8B4A-11D0-8D11-00A0C91BC942}") = "InheritanceDemo", "InheritanceDemo\InheritanceDemo.vcxproj", "{817C0A66-A04A-4F22-9105-F9CEE07BFC07}"
EndProject
Project("{8BC9CEB8-8B4A-11D0-8D11-00A0C91BC942}") = "Enums", "Enums\Enums.vcxproj", "{F5EA04BE-0C0E-493B-A125-EF4E5CDF710A}"
EndProject
Project("{8BC9CEB8-8B4A-11D0-8D11-00A0C91BC942}") = "TemplateFunctions", "TemplateFunctions\TemplateFunctions.vcxproj", "{28F259BF-553D-4D9B-819E-95BD1CC844A4}"
EndProject
Project("{8BC9CEB8-8B4A-11D0-8D11-00A0C91BC942}") = "TemplateClass", "TemplateClass\TemplateClass.vcxproj", "{4D0FD6C2-9D90-4DC0-A6CE-9137989A6446}"
EndProject
Project("{8BC9CEB8-8B4A-11D0-8D11-00A0C91BC942}") = "FibonacciSeries", "FibonacciSeries\FibonacciSeries.vcxproj", "{A11B4D90-A699-48E6-8F49-4B8B9D6DDFFB}"
EndProject
Project("{8BC9CEB8-8B4A-11D0-8D11-00A0C91BC942}") = "SmartPointers", "SmartPointyers\SmartPointyers.vcxproj", "{4B877A5F-C413-4E5F-9FA7-49E5D093AF10}"
EndProject
Project("{8BC9CEB8-8B4A-11D0-8D11-00A0C91BC942}") = "TimeDemo", "TimeDemo\TimeDemo.vcxproj", "{25AA6402-ED2E-40DD-BDC9-30DEE540EFB8}"
EndProject
Project("{8BC9CEB8-8B4A-11D0-8D11-00A0C91BC942}") = "SimpleLambda", "SimpleLambda\SimpleLambda.vcxproj", "{F038FF3C-34D1-426E-85BC-1E3D95BE2216}"
EndProject
Project("{8BC9CEB8-8B4A-11D0-8D11-00A0C91BC942}") = "GenericLambda", "GenericLambda\GenericLambda.vcxproj", "{2E54E1BE-16A4-4D74-875E-7604DAE90517}"
EndProject
Global
	GlobalSection(SolutionConfigurationPlatforms) = preSolution
		Debug|x64 = Debug|x64
		Debug|x86 = Debug|x86
		Release|x64 = Release|x64
		Release|x86 = Release|x86
	EndGlobalSection
	GlobalSection(ProjectConfigurationPlatforms) = postSolution
		{C2F65E9E-24B7-433D-B6F6-914CA24CFCC0}.Debug|x64.ActiveCfg = Debug|x64
		{C2F65E9E-24B7-433D-B6F6-914CA24CFCC0}.Debug|x64.Build.0 = Debug|x64
		{C2F65E9E-24B7-433D-B6F6-914CA24CFCC0}.Debug|x86.ActiveCfg = Debug|Win32
		{C2F65E9E-24B7-433D-B6F6-914CA24CFCC0}.Debug|x86.Build.0 = Debug|Win32
		{C2F65E9E-24B7-433D-B6F6-914CA24CFCC0}.Release|x64.ActiveCfg = Release|x64
		{C2F65E9E-24B7-433D-B6F6-914CA24CFCC0}.Release|x64.Build.0 = Release|x64
		{C2F65E9E-24B7-433D-B6F6-914CA24CFCC0}.Release|x86.ActiveCfg = Release|Win32
		{C2F65E9E-24B7-433D-B6F6-914CA24CFCC0}.Release|x86.Build.0 = Release|Win32
		{E5E9E56B-CBF6-447A-815B-46ECB47C16FE}.Debug|x64.ActiveCfg = Debug|x64
		{E5E9E56B-CBF6-447A-815B-46ECB47C16FE}.Debug|x64.Build.0 = Debug|x64
		{E5E9E56B-CBF6-447A-815B-46ECB47C16FE}.Debug|x86.ActiveCfg = Debug|Win32
		{E5E9E56B-CBF6-447A-815B-46ECB47C16FE}.Debug|x86.Build.0 = Debug|Win32
		{E5E9E56B-CBF6-447A-815B-46ECB47C16FE}.Release|x64.ActiveCfg = Release|x64
		{E5E9E56B-CBF6-447A-815B-46ECB47C16FE}.Release|x64.Build.0 = Release|x64
		{E5E9E56B-CBF6-447A-815B-46ECB47C16FE}.Release|x86.ActiveCfg = Release|Win32
		{E5E9E56B-CBF6-447A-815B-46ECB47C16FE}.Release|x86.Build.0 = Release|Win32
		{9B9222A1-77D1-438B-9841-5D43CD8016EC}.Debug|x64.ActiveCfg = Debug|x64
		{9B9222A1-77D1-438B-9841-5D43CD8016EC}.Debug|x64.Build.0 = Debug|x64
		{9B9222A1-77D1-438B-9841-5D43CD8016EC}.Debug|x86.ActiveCfg = Debug|Win32
		{9B9222A1-77D1-438B-9841-5D43CD8016EC}.Debug|x86.Build.0 = Debug|Win32
		{9B9222A1-77D1-438B-9841-5D43CD8016EC}.Release|x64.ActiveCfg = Release|x64
		{9B9222A1-77D1-438B-9841-5D43CD8016EC}.Release|x64.Build.0 = Release|x64
		{9B9222A1-77D1-438B-9841-5D43CD8016EC}.Release|x86.ActiveCfg = Release|Win32
		{9B9222A1-77D1-438B-9841-5D43CD8016EC}.Release|x86.Build.0 = Release|Win32
		{5F0A8E40-3513-468E-BA58-659CBB651E2C}.Debug|x64.ActiveCfg = Debug|x64
		{5F0A8E40-3513-468E-BA58-659CBB651E2C}.Debug|x64.Build.0 = Debug|x64
		{5F0A8E40-3513-468E-BA58-659CBB651E2C}.Debug|x86.ActiveCfg = Debug|Win32
		{5F0A8E40-3513-468E-BA58-659CBB651E2C}.Debug|x86.Build.0 = Debug|Win32
		{5F0A8E40-3513-468E-BA58-659CBB651E2C}.Release|x64.ActiveCfg = Release|x64
		{5F0A8E40-3513-468E-BA58-659CBB651E2C}.Release|x64.Build.0 = Release|x64
		{5F0A8E40-3513-468E-BA58-659CBB651E2C}.Release|x86.ActiveCfg = Release|Win32
		{5F0A8E40-3513-468E-BA58-659CBB651E2C}.Release|x86.Build.0 = Release|Win32
		{64E65F8C-DAB2-4E9F-BFEE-43311656D81C}.Debug|x64.ActiveCfg = Debug|x64
		{64E65F8C-DAB2-4E9F-BFEE-43311656D81C}.Debug|x64.Build.0 = Debug|x64
		{64E65F8C-DAB2-4E9F-BFEE-43311656D81C}.Debug|x86.ActiveCfg = Debug|Win32
		{64E65F8C-DAB2-4E9F-BFEE-43311656D81C}.Debug|x86.Build.0 = Debug|Win32
		{64E65F8C-DAB2-4E9F-BFEE-43311656D81C}.Release|x64.ActiveCfg = Release|x64
		{64E65F8C-DAB2-4E9F-BFEE-43311656D81C}.Release|x64.Build.0 = Release|x64
		{64E65F8C-DAB2-4E9F-BFEE-43311656D81C}.Release|x86.ActiveCfg = Release|Win32
		{64E65F8C-DAB2-4E9F-BFEE-43311656D81C}.Release|x86.Build.0 = Release|Win32
		{F278B005-E9FA-4423-906B-E55EC413B604}.Debug|x64.ActiveCfg = Debug|x64
		{F278B005-E9FA-4423-906B-E55EC413B604}.Debug|x64.Build.0 = Debug|x64
		{F278B005-E9FA-4423-906B-E55EC413B604}.Debug|x86.ActiveCfg = Debug|Win32
		{F278B005-E9FA-4423-906B-E55EC413B604}.Debug|x86.Build.0 = Debug|Win32
		{F278B005-E9FA-4423-906B-E55EC413B604}.Release|x64.ActiveCfg = Release|x64
		{F278B005-E9FA-4423-906B-E55EC413B604}.Release|x64.Build.0 = Release|x64
		{F278B005-E9FA-4423-906B-E55EC413B604}.Release|x86.ActiveCfg = Release|Win32
		{F278B005-E9FA-4423-906B-E55EC413B604}.Release|x86.Build.0 = Release|Win32
		{DD6966AA-EE62-4579-B5DB-AB16DCE40932}.Debug|x64.ActiveCfg = Debug|x64
		{DD6966AA-EE62-4579-B5DB-AB16DCE40932}.Debug|x64.Build.0 = Debug|x64
		{DD6966AA-EE62-4579-B5DB-AB16DCE40932}.Debug|x86.ActiveCfg = Debug|Win32
		{DD6966AA-EE62-4579-B5DB-AB16DCE40932}.Debug|x86.Build.0 = Debug|Win32
		{DD6966AA-EE62-4579-B5DB-AB16DCE40932}.Release|x64.ActiveCfg = Release|x64
		{DD6966AA-EE62-4579-B5DB-AB16DCE40932}.Release|x64.Build.0 = Release|x64
		{DD6966AA-EE62-4579-B5DB-AB16DCE40932}.Release|x86.ActiveCfg = Release|Win32
		{DD6966AA-EE62-4579-B5DB-AB16DCE40932}.Release|x86.Build.0 = Release|Win32
		{306BFD3A-D53B-4B1B-9229-60D7489B92E5}.Debug|x64.ActiveCfg = Debug|x64
		{306BFD3A-D53B-4B1B-9229-60D7489B92E5}.Debug|x64.Build.0 = Debug|x64
		{306BFD3A-D53B-4B1B-9229-60D7489B92E5}.Debug|x86.ActiveCfg = Debug|Win32
		{306BFD3A-D53B-4B1B-9229-60D7489B92E5}.Debug|x86.Build.0 = Debug|Win32
		{306BFD3A-D53B-4B1B-9229-60D7489B92E5}.Release|x64.ActiveCfg = Release|x64
		{306BFD3A-D53B-4B1B-9229-60D7489B92E5}.Release|x64.Build.0 = Release|x64
		{306BFD3A-D53B-4B1B-9229-60D7489B92E5}.Release|x86.ActiveCfg = Release|Win32
		{306BFD3A-D53B-4B1B-9229-60D7489B92E5}.Release|x86.Build.0 = Release|Win32
		{5A51EFAF-2534-434B-A093-75513A93898C}.Debug|x64.ActiveCfg = Debug|x64
		{5A51EFAF-2534-434B-A093-75513A93898C}.Debug|x64.Build.0 = Debug|x64
		{5A51EFAF-2534-434B-A093-75513A93898C}.Debug|x86.ActiveCfg = Debug|Win32
		{5A51EFAF-2534-434B-A093-75513A93898C}.Debug|x86.Build.0 = Debug|Win32
		{5A51EFAF-2534-434B-A093-75513A93898C}.Release|x64.ActiveCfg = Release|x64
		{5A51EFAF-2534-434B-A093-75513A93898C}.Release|x64.Build.0 = Release|x64
		{5A51EFAF-2534-434B-A093-75513A93898C}.Release|x86.ActiveCfg = Release|Win32
		{5A51EFAF-2534-434B-A093-75513A93898C}.Release|x86.Build.0 = Release|Win32
		{3717E565-03DF-4272-A8C9-BAA74F6B2EB4}.Debug|x64.ActiveCfg = Debug|x64
		{3717E565-03DF-4272-A8C9-BAA74F6B2EB4}.Debug|x64.Build.0 = Debug|x64
		{3717E565-03DF-4272-A8C9-BAA74F6B2EB4}.Debug|x86.ActiveCfg = Debug|Win32
		{3717E565-03DF-4272-A8C9-BAA74F6B2EB4}.Debug|x86.Build.0 = Debug|Win32
		{3717E565-03DF-4272-A8C9-BAA74F6B2EB4}.Release|x64.ActiveCfg = Release|x64
		{3717E565-03DF-4272-A8C9-BAA74F6B2EB4}.Release|x64.Build.0 = Release|x64
		{3717E565-03DF-4272-A8C9-BAA74F6B2EB4}.Release|x86.ActiveCfg = Release|Win32
		{3717E565-03DF-4272-A8C9-BAA74F6B2EB4}.Release|x86.Build.0 = Release|Win32
		{817C0A66-A04A-4F22-9105-F9CEE07BFC07}.Debug|x64.ActiveCfg = Debug|x64
		{817C0A66-A04A-4F22-9105-F9CEE07BFC07}.Debug|x64.Build.0 = Debug|x64
		{817C0A66-A04A-4F22-9105-F9CEE07BFC07}.Debug|x86.ActiveCfg = Debug|Win32
		{817C0A66-A04A-4F22-9105-F9CEE07BFC07}.Debug|x86.Build.0 = Debug|Win32
		{817C0A66-A04A-4F22-9105-F9CEE07BFC07}.Release|x64.ActiveCfg = Release|x64
		{817C0A66-A04A-4F22-9105-F9CEE07BFC07}.Release|x64.Build.0 = Release|x64
		{817C0A66-A04A-4F22-9105-F9CEE07BFC07}.Release|x86.ActiveCfg = Release|Win32
		{817C0A66-A04A-4F22-9105-F9CEE07BFC07}.Release|x86.Build.0 = Release|Win32
		{F5EA04BE-0C0E-493B-A125-EF4E5CDF710A}.Debug|x64.ActiveCfg = Debug|x64
		{F5EA04BE-0C0E-493B-A125-EF4E5CDF710A}.Debug|x64.Build.0 = Debug|x64
		{F5EA04BE-0C0E-493B-A125-EF4E5CDF710A}.Debug|x86.ActiveCfg = Debug|Win32
		{F5EA04BE-0C0E-493B-A125-EF4E5CDF710A}.Debug|x86.Build.0 = Debug|Win32
		{F5EA04BE-0C0E-493B-A125-EF4E5CDF710A}.Release|x64.ActiveCfg = Release|x64
		{F5EA04BE-0C0E-493B-A125-EF4E5CDF710A}.Release|x64.Build.0 = Release|x64
		{F5EA04BE-0C0E-493B-A125-EF4E5CDF710A}.Release|x86.ActiveCfg = Release|Win32
		{F5EA04BE-0C0E-493B-A125-EF4E5CDF710A}.Release|x86.Build.0 = Release|Win32
		{28F259BF-553D-4D9B-819E-95BD1CC844A4}.Debug|x64.ActiveCfg = Debug|x64
		{28F259BF-553D-4D9B-819E-95BD1CC844A4}.Debug|x64.Build.0 = Debug|x64
		{28F259BF-553D-4D9B-819E-95BD1CC844A4}.Debug|x86.ActiveCfg = Debug|Win32
		{28F259BF-553D-4D9B-819E-95BD1CC844A4}.Debug|x86.Build.0 = Debug|Win32
		{28F259BF-553D-4D9B-819E-95BD1CC844A4}.Release|x64.ActiveCfg = Release|x64
		{28F259BF-553D-4D9B-819E-95BD1CC844A4}.Release|x64.Build.0 = Release|x64
		{28F259BF-553D-4D9B-819E-95BD1CC844A4}.Release|x86.ActiveCfg = Release|Win32
		{28F259BF-553D-4D9B-819E-95BD1CC844A4}.Release|x86.Build.0 = Release|Win32
		{4D0FD6C2-9D90-4DC0-A6CE-9137989A6446}.Debug|x64.ActiveCfg = Debug|x64
		{4D0FD6C2-9D90-4DC0-A6CE-9137989A6446}.Debug|x64.Build.0 = Debug|x64
		{4D0FD6C2-9D90-4DC0-A6CE-9137989A6446}.Debug|x86.ActiveCfg = Debug|Win32
		{4D0FD6C2-9D90-4DC0-A6CE-9137989A6446}.Debug|x86.Build.0 = Debug|Win32
		{4D0FD6C2-9D90-4DC0-A6CE-9137989A6446}.Release|x64.ActiveCfg = Release|x64
		{4D0FD6C2-9D90-4DC0-A6CE-9137989A6446}.Release|x64.Build.0 = Release|x64
		{4D0FD6C2-9D90-4DC0-A6CE-9137989A6446}.Release|x86.ActiveCfg = Release|Win32
		{4D0FD6C2-9D90-4DC0-A6CE-9137989A6446}.Release|x86.Build.0 = Release|Win32
		{A11B4D90-A699-48E6-8F49-4B8B9D6DDFFB}.Debug|x64.ActiveCfg = Debug|x64
		{A11B4D90-A699-48E6-8F49-4B8B9D6DDFFB}.Debug|x64.Build.0 = Debug|x64
		{A11B4D90-A699-48E6-8F49-4B8B9D6DDFFB}.Debug|x86.ActiveCfg = Debug|Win32
		{A11B4D90-A699-48E6-8F49-4B8B9D6DDFFB}.Debug|x86.Build.0 = Debug|Win32
		{A11B4D90-A699-48E6-8F49-4B8B9D6DDFFB}.Release|x64.ActiveCfg = Release|x64
		{A11B4D90-A699-48E6-8F49-4B8B9D6DDFFB}.Release|x64.Build.0 = Release|x64
		{A11B4D90-A699-48E6-8F49-4B8B9D6DDFFB}.Release|x86.ActiveCfg = Release|Win32
		{A11B4D90-A699-48E6-8F49-4B8B9D6DDFFB}.Release|x86.Build.0 = Release|Win32
		{4B877A5F-C413-4E5F-9FA7-49E5D093AF10}.Debug|x64.ActiveCfg = Debug|x64
		{4B877A5F-C413-4E5F-9FA7-49E5D093AF10}.Debug|x64.Build.0 = Debug|x64
		{4B877A5F-C413-4E5F-9FA7-49E5D093AF10}.Debug|x86.ActiveCfg = Debug|Win32
		{4B877A5F-C413-4E5F-9FA7-49E5D093AF10}.Debug|x86.Build.0 = Debug|Win32
		{4B877A5F-C413-4E5F-9FA7-49E5D093AF10}.Release|x64.ActiveCfg = Release|x64
		{4B877A5F-C413-4E5F-9FA7-49E5D093AF10}.Release|x64.Build.0 = Release|x64
		{4B877A5F-C413-4E5F-9FA7-49E5D093AF10}.Release|x86.ActiveCfg = Release|Win32
		{4B877A5F-C413-4E5F-9FA7-49E5D093AF10}.Release|x86.Build.0 = Release|Win32
		{25AA6402-ED2E-40DD-BDC9-30DEE540EFB8}.Debug|x64.ActiveCfg = Debug|x64
		{25AA6402-ED2E-40DD-BDC9-30DEE540EFB8}.Debug|x64.Build.0 = Debug|x64
		{25AA6402-ED2E-40DD-BDC9-30DEE540EFB8}.Debug|x86.ActiveCfg = Debug|Win32
		{25AA6402-ED2E-40DD-BDC9-30DEE540EFB8}.Debug|x86.Build.0 = Debug|Win32
		{25AA6402-ED2E-40DD-BDC9-30DEE540EFB8}.Release|x64.ActiveCfg = Release|x64
		{25AA6402-ED2E-40DD-BDC9-30DEE540EFB8}.Release|x64.Build.0 = Release|x64
		{25AA6402-ED2E-40DD-BDC9-30DEE540EFB8}.Release|x86.ActiveCfg = Release|Win32
		{25AA6402-ED2E-40DD-BDC9-30DEE540EFB8}.Release|x86.Build.0 = Release|Win32
		{F038FF3C-34D1-426E-85BC-1E3D95BE2216}.Debug|x64.ActiveCfg = Debug|x64
		{F038FF3C-34D1-426E-85BC-1E3D95BE2216}.Debug|x64.Build.0 = Debug|x64
		{F038FF3C-34D1-426E-85BC-1E3D95BE2216}.Debug|x86.ActiveCfg = Debug|Win32
		{F038FF3C-34D1-426E-85BC-1E3D95BE2216}.Debug|x86.Build.0 = Debug|Win32
		{F038FF3C-34D1-426E-85BC-1E3D95BE2216}.Release|x64.ActiveCfg = Release|x64
		{F038FF3C-34D1-426E-85BC-1E3D95BE2216}.Release|x64.Build.0 = Release|x64
		{F038FF3C-34D1-426E-85BC-1E3D95BE2216}.Release|x86.ActiveCfg = Release|Win32
		{F038FF3C-34D1-426E-85BC-1E3D95BE2216}.Release|x86.Build.0 = Release|Win32
		{2E54E1BE-16A4-4D74-875E-7604DAE90517}.Debug|x64.ActiveCfg = Debug|x64
		{2E54E1BE-16A4-4D74-875E-7604DAE90517}.Debug|x64.Build.0 = Debug|x64
		{2E54E1BE-16A4-4D74-875E-7604DAE90517}.Debug|x86.ActiveCfg = Debug|Win32
		{2E54E1BE-16A4-4D74-875E-7604DAE90517}.Debug|x86.Build.0 = Debug|Win32
		{2E54E1BE-16A4-4D74-875E-7604DAE90517}.Release|x64.ActiveCfg = Release|x64
		{2E54E1BE-16A4-4D74-875E-7604DAE90517}.Release|x64.Build.0 = Release|x64
		{2E54E1BE-16A4-4D74-875E-7604DAE90517}.Release|x86.ActiveCfg = Release|Win32
		{2E54E1BE-16A4-4D74-875E-7604DAE90517}.Release|x86.Build.0 = Release|Win32
	EndGlobalSection
	GlobalSection(SolutionProperties) = preSolution
		HideSolutionNode = FALSE
	EndGlobalSection
	GlobalSection(ExtensibilityGlobals) = postSolution
		SolutionGuid = {2B13B9F5-C603-4013-95B7-B8940D79D65E}
	EndGlobalSection
EndGlobal
